# This file is automatically @generated by Cargo.
# It is not intended for manual editing.
version = 4

[[package]]
name = "lumio-core-composition"
version = "0.1.0"

[[package]]
name = "lumio-core-contracts"
version = "0.1.0"

[[package]]
name = "lumio-core-diagnostics"
version = "0.1.0"

[[package]]
name = "lumio-core-evidence-generator"
version = "0.1.0"

[[package]]
name = "lumio-core-loader"
version = "0.1.0"

[[package]]
name = "lumio-core-manifest"
version = "0.1.0"

[[package]]
name = "lumio-core-platform-build"
version = "0.1.0"

[[package]]
name = "lumio-core-platform-contracts"
version = "0.1.0"

[[package]]
name = "lumio-core-platform-runtime"
version = "0.1.0"

[[package]]
name = "lumio-core-root-abi"
version = "0.1.0"

[[package]]
name = "lumio-core-root-abi-generator"
version = "0.1.0"

[[package]]
name = "lumio-core-runtime-verifier"
version = "0.1.0"

[[package]]
name = "lumio-core-signer-tool"
version = "0.1.0"

[[package]]
name = "lumio-core-smoke"
version = "0.1.0"

[[package]]
name = "lumio-core-trust-policy"
version = "0.1.0"
